GIT
  remote: https://github.com/mhamrah/ansible-consul
  ref: master
  sha: 87307d09f9b08184c045957aa3d2486fb609d1e3
  specs:
    ansible-consul (0.0.0)

GIT
  remote: https://github.com/mhamrah/ansible-docker
  ref: master
  sha: 5f6cea50da4a3fb708a1fa06a7bb78c3753a2a4d
  specs:
    ansible-docker (0.0.0)

GIT
  remote: https://github.com/mhamrah/ansible-java8
  ref: master
  sha: 00efa667c59eb66f1cfa71c091bf1c674ed6f6dd
  specs:
    ansible-java8 (0.0.0)

GIT
  remote: https://github.com/mhamrah/ansible-marathon
  ref: master
  sha: c8b9dde6ce543df6bb61f890a74c49cc688bc944
  specs:
    ansible-marathon (0.0.0)

GIT
  remote: https://github.com/mhamrah/ansible-mesos
  ref: master
  sha: d9b67e65e76914d7b53734690b86cd90118d767d
  specs:
    ansible-mesos (0.0.0)

GIT
  remote: https://github.com/mhamrah/ansible-zookeeper
  ref: master
  sha: ba4340361486b58f13d7581e9a0ba87c11ec4b49
  specs:
    ansible-zookeeper (0.0.0)

DEPENDENCIES
  ansible-consul (>= 0)
  ansible-docker (>= 0)
  ansible-java8 (>= 0)
  ansible-marathon (>= 0)
  ansible-mesos (>= 0)
  ansible-zookeeper (>= 0)

