GIT
  remote: https://github.com/mhamrah/ansible-java8
  ref: master
  sha: 1f7167867fe472a8ab8a4f4f8348cb4b8da07981
  specs:
    ansible-java8 (0.0.0)

GIT
  remote: https://github.com/mhamrah/ansible-mesos
  ref: master
  sha: 21db6d296a9d316aa4ad14d2fe9a8ac671155079
  specs:
    ansible-mesos (0.0.0)

PATH
  remote: ../ansible-marathon
  specs:
    ansible-marathon (0.0.0)

DEPENDENCIES
  ansible-java8 (>= 0)
  ansible-marathon (>= 0)
  ansible-mesos (>= 0)

